// !$*UTF8*$!
{
	archiveVersion = 1;
	classes = {
	};
	objectVersion = 55;
	objects = {

/* Begin PBXBuildFile section */
		9400695428CADFDC008D0AA2 /* GRDB in Frameworks */ = {isa = PBXBuildFile; productRef = 9400695328CADFDC008D0AA2 /* GRDB */; };
		9400695728CAE05A008D0AA2 /* Factory in Frameworks */ = {isa = PBXBuildFile; productRef = 9400695628CAE05A008D0AA2 /* Factory */; };
		9440E55B28CCD56B00E66A10 /* MockBookService.swift in Sources */ = {isa = PBXBuildFile; fileRef = 947E2B3528CCCC3100970170 /* MockBookService.swift */; };
		9440E55C28CCD5B000E66A10 /* BookNotesBookService.swift in Sources */ = {isa = PBXBuildFile; fileRef = 947E2B2B28CCC09E00970170 /* BookNotesBookService.swift */; };
		9440E55D28CCD5BA00E66A10 /* AddBookView.swift in Sources */ = {isa = PBXBuildFile; fileRef = 947E2B2328CCB55600970170 /* AddBookView.swift */; };
		9440E55E28CCD5BA00E66A10 /* AddBookViewModel.swift in Sources */ = {isa = PBXBuildFile; fileRef = 947E2B2528CCB6C400970170 /* AddBookViewModel.swift */; };
		9440E55F28CCDA7700E66A10 /* Factory.swift in Sources */ = {isa = PBXBuildFile; fileRef = 947E2B2728CCBED000970170 /* Factory.swift */; };
		9440E56428CCE8AE00E66A10 /* BookSearchDAOProtocol.swift in Sources */ = {isa = PBXBuildFile; fileRef = 9440E56328CCE8AE00E66A10 /* BookSearchDAOProtocol.swift */; };
		9440E56728CCE90700E66A10 /* BookDTO.swift in Sources */ = {isa = PBXBuildFile; fileRef = 9440E56628CCE90700E66A10 /* BookDTO.swift */; };
		9440E56928CCE93A00E66A10 /* GoogleBookSearchDAO.swift in Sources */ = {isa = PBXBuildFile; fileRef = 9440E56828CCE93A00E66A10 /* GoogleBookSearchDAO.swift */; };
		9440E56B28CCEB6900E66A10 /* BooksResultDTO.swift in Sources */ = {isa = PBXBuildFile; fileRef = 9440E56A28CCEB6900E66A10 /* BooksResultDTO.swift */; };
		9440E56D28CCED8700E66A10 /* VolumeInfoDTO.swift in Sources */ = {isa = PBXBuildFile; fileRef = 9440E56C28CCED8700E66A10 /* VolumeInfoDTO.swift */; };
		9440E56F28CCEDE900E66A10 /* IndustryIdentifiersDTO.swift in Sources */ = {isa = PBXBuildFile; fileRef = 9440E56E28CCEDE900E66A10 /* IndustryIdentifiersDTO.swift */; };
		9440E57128CCEE6300E66A10 /* ImageLinksDTO.swift in Sources */ = {isa = PBXBuildFile; fileRef = 9440E57028CCEE6300E66A10 /* ImageLinksDTO.swift */; };
		9440E57328CCF49900E66A10 /* BookNotes.plist in Resources */ = {isa = PBXBuildFile; fileRef = 9440E57228CCF49900E66A10 /* BookNotes.plist */; };
		9466AFB428CB4B1F0093EB04 /* BookRow.swift in Sources */ = {isa = PBXBuildFile; fileRef = 9466AFB328CB4B1F0093EB04 /* BookRow.swift */; };
		9466AFB628CB51360093EB04 /* HomeViewModel.swift in Sources */ = {isa = PBXBuildFile; fileRef = 9466AFB528CB51360093EB04 /* HomeViewModel.swift */; };
		9466AFB828CB53540093EB04 /* Book.swift in Sources */ = {isa = PBXBuildFile; fileRef = 9466AFB728CB53540093EB04 /* Book.swift */; };
		9466AFBA28CB59520093EB04 /* Note.swift in Sources */ = {isa = PBXBuildFile; fileRef = 9466AFB928CB59520093EB04 /* Note.swift */; };
		947E2B2428CCB55600970170 /* AddBookView.swift in Sources */ = {isa = PBXBuildFile; fileRef = 947E2B2328CCB55600970170 /* AddBookView.swift */; };
		947E2B2628CCB6C400970170 /* AddBookViewModel.swift in Sources */ = {isa = PBXBuildFile; fileRef = 947E2B2528CCB6C400970170 /* AddBookViewModel.swift */; };
		947E2B2828CCBED000970170 /* Factory.swift in Sources */ = {isa = PBXBuildFile; fileRef = 947E2B2728CCBED000970170 /* Factory.swift */; };
		947E2B2A28CCBFA600970170 /* BookServiceProtocol.swift in Sources */ = {isa = PBXBuildFile; fileRef = 947E2B2928CCBFA600970170 /* BookServiceProtocol.swift */; };
		947E2B2C28CCC09E00970170 /* BookNotesBookService.swift in Sources */ = {isa = PBXBuildFile; fileRef = 947E2B2B28CCC09E00970170 /* BookNotesBookService.swift */; };
		947E2B2E28CCC10A00970170 /* NoteServiceProtocol.swift in Sources */ = {isa = PBXBuildFile; fileRef = 947E2B2D28CCC10A00970170 /* NoteServiceProtocol.swift */; };
		947E2B3328CCCB8600970170 /* AddBookViewModelTest.swift in Sources */ = {isa = PBXBuildFile; fileRef = 947E2B3228CCCB8600970170 /* AddBookViewModelTest.swift */; };
		947E2B3628CCCC3100970170 /* MockBookService.swift in Sources */ = {isa = PBXBuildFile; fileRef = 947E2B3528CCCC3100970170 /* MockBookService.swift */; };
		947E2B3728CCCC6000970170 /* BookServiceProtocol.swift in Sources */ = {isa = PBXBuildFile; fileRef = 947E2B2928CCBFA600970170 /* BookServiceProtocol.swift */; };
		947E2B3828CCCC9500970170 /* Note.swift in Sources */ = {isa = PBXBuildFile; fileRef = 9466AFB928CB59520093EB04 /* Note.swift */; };
		947E2B3928CCCC9500970170 /* Book.swift in Sources */ = {isa = PBXBuildFile; fileRef = 9466AFB728CB53540093EB04 /* Book.swift */; };
		947E2B3A28CCCC9B00970170 /* NoteServiceProtocol.swift in Sources */ = {isa = PBXBuildFile; fileRef = 947E2B2D28CCC10A00970170 /* NoteServiceProtocol.swift */; };
		94AC290228CD1B9C00F0C772 /* SwiftDateStatic in Frameworks */ = {isa = PBXBuildFile; productRef = 94AC290128CD1B9C00F0C772 /* SwiftDateStatic */; };
		94AC290628CD316F00F0C772 /* BookSummaryRow.swift in Sources */ = {isa = PBXBuildFile; fileRef = 94AC290528CD316F00F0C772 /* BookSummaryRow.swift */; };
		94F4EEFD28CAD92200C15E4A /* BookNotesApp.swift in Sources */ = {isa = PBXBuildFile; fileRef = 94F4EEFC28CAD92200C15E4A /* BookNotesApp.swift */; };
		94F4EEFF28CAD92200C15E4A /* HomeView.swift in Sources */ = {isa = PBXBuildFile; fileRef = 94F4EEFE28CAD92200C15E4A /* HomeView.swift */; };
		94F4EF0128CAD92300C15E4A /* Assets.xcassets in Resources */ = {isa = PBXBuildFile; fileRef = 94F4EF0028CAD92300C15E4A /* Assets.xcassets */; };
		94F4EF0428CAD92300C15E4A /* Preview Assets.xcassets in Resources */ = {isa = PBXBuildFile; fileRef = 94F4EF0328CAD92300C15E4A /* Preview Assets.xcassets */; };
/* End PBXBuildFile section */

/* Begin PBXContainerItemProxy section */
		94F4EF0A28CAD92300C15E4A /* PBXContainerItemProxy */ = {
			isa = PBXContainerItemProxy;
			containerPortal = 94F4EEF128CAD92200C15E4A /* Project object */;
			proxyType = 1;
			remoteGlobalIDString = 94F4EEF828CAD92200C15E4A;
			remoteInfo = "Book Notes";
		};
/* End PBXContainerItemProxy section */

/* Begin PBXFileReference section */
		9440E56328CCE8AE00E66A10 /* BookSearchDAOProtocol.swift */ = {isa = PBXFileReference; lastKnownFileType = sourcecode.swift; path = BookSearchDAOProtocol.swift; sourceTree = "<group>"; };
		9440E56628CCE90700E66A10 /* BookDTO.swift */ = {isa = PBXFileReference; lastKnownFileType = sourcecode.swift; path = BookDTO.swift; sourceTree = "<group>"; };
		9440E56828CCE93A00E66A10 /* GoogleBookSearchDAO.swift */ = {isa = PBXFileReference; lastKnownFileType = sourcecode.swift; path = GoogleBookSearchDAO.swift; sourceTree = "<group>"; };
		9440E56A28CCEB6900E66A10 /* BooksResultDTO.swift */ = {isa = PBXFileReference; lastKnownFileType = sourcecode.swift; path = BooksResultDTO.swift; sourceTree = "<group>"; };
		9440E56C28CCED8700E66A10 /* VolumeInfoDTO.swift */ = {isa = PBXFileReference; lastKnownFileType = sourcecode.swift; path = VolumeInfoDTO.swift; sourceTree = "<group>"; };
		9440E56E28CCEDE900E66A10 /* IndustryIdentifiersDTO.swift */ = {isa = PBXFileReference; lastKnownFileType = sourcecode.swift; path = IndustryIdentifiersDTO.swift; sourceTree = "<group>"; };
		9440E57028CCEE6300E66A10 /* ImageLinksDTO.swift */ = {isa = PBXFileReference; lastKnownFileType = sourcecode.swift; path = ImageLinksDTO.swift; sourceTree = "<group>"; };
		9440E57228CCF49900E66A10 /* BookNotes.plist */ = {isa = PBXFileReference; lastKnownFileType = text.plist.xml; path = BookNotes.plist; sourceTree = "<group>"; };
		9466AFB328CB4B1F0093EB04 /* BookRow.swift */ = {isa = PBXFileReference; lastKnownFileType = sourcecode.swift; path = BookRow.swift; sourceTree = "<group>"; };
		9466AFB528CB51360093EB04 /* HomeViewModel.swift */ = {isa = PBXFileReference; lastKnownFileType = sourcecode.swift; path = HomeViewModel.swift; sourceTree = "<group>"; };
		9466AFB728CB53540093EB04 /* Book.swift */ = {isa = PBXFileReference; lastKnownFileType = sourcecode.swift; path = Book.swift; sourceTree = "<group>"; };
		9466AFB928CB59520093EB04 /* Note.swift */ = {isa = PBXFileReference; lastKnownFileType = sourcecode.swift; path = Note.swift; sourceTree = "<group>"; };
		947E2B2328CCB55600970170 /* AddBookView.swift */ = {isa = PBXFileReference; lastKnownFileType = sourcecode.swift; path = AddBookView.swift; sourceTree = "<group>"; };
		947E2B2528CCB6C400970170 /* AddBookViewModel.swift */ = {isa = PBXFileReference; lastKnownFileType = sourcecode.swift; path = AddBookViewModel.swift; sourceTree = "<group>"; };
		947E2B2728CCBED000970170 /* Factory.swift */ = {isa = PBXFileReference; lastKnownFileType = sourcecode.swift; path = Factory.swift; sourceTree = "<group>"; };
		947E2B2928CCBFA600970170 /* BookServiceProtocol.swift */ = {isa = PBXFileReference; lastKnownFileType = sourcecode.swift; path = BookServiceProtocol.swift; sourceTree = "<group>"; };
		947E2B2B28CCC09E00970170 /* BookNotesBookService.swift */ = {isa = PBXFileReference; lastKnownFileType = sourcecode.swift; path = BookNotesBookService.swift; sourceTree = "<group>"; };
		947E2B2D28CCC10A00970170 /* NoteServiceProtocol.swift */ = {isa = PBXFileReference; lastKnownFileType = sourcecode.swift; path = NoteServiceProtocol.swift; sourceTree = "<group>"; };
		947E2B3228CCCB8600970170 /* AddBookViewModelTest.swift */ = {isa = PBXFileReference; lastKnownFileType = sourcecode.swift; path = AddBookViewModelTest.swift; sourceTree = "<group>"; };
		947E2B3528CCCC3100970170 /* MockBookService.swift */ = {isa = PBXFileReference; lastKnownFileType = sourcecode.swift; path = MockBookService.swift; sourceTree = "<group>"; };
		94AC290528CD316F00F0C772 /* BookSummaryRow.swift */ = {isa = PBXFileReference; lastKnownFileType = sourcecode.swift; path = BookSummaryRow.swift; sourceTree = "<group>"; };
		94F4EEF928CAD92200C15E4A /* Book Notes.app */ = {isa = PBXFileReference; explicitFileType = wrapper.application; includeInIndex = 0; path = "Book Notes.app"; sourceTree = BUILT_PRODUCTS_DIR; };
		94F4EEFC28CAD92200C15E4A /* BookNotesApp.swift */ = {isa = PBXFileReference; lastKnownFileType = sourcecode.swift; path = BookNotesApp.swift; sourceTree = "<group>"; };
		94F4EEFE28CAD92200C15E4A /* HomeView.swift */ = {isa = PBXFileReference; lastKnownFileType = sourcecode.swift; path = HomeView.swift; sourceTree = "<group>"; };
		94F4EF0028CAD92300C15E4A /* Assets.xcassets */ = {isa = PBXFileReference; lastKnownFileType = folder.assetcatalog; path = Assets.xcassets; sourceTree = "<group>"; };
		94F4EF0328CAD92300C15E4A /* Preview Assets.xcassets */ = {isa = PBXFileReference; lastKnownFileType = folder.assetcatalog; path = "Preview Assets.xcassets"; sourceTree = "<group>"; };
		94F4EF0928CAD92300C15E4A /* Book NotesTests.xctest */ = {isa = PBXFileReference; explicitFileType = wrapper.cfbundle; includeInIndex = 0; path = "Book NotesTests.xctest"; sourceTree = BUILT_PRODUCTS_DIR; };
/* End PBXFileReference section */

/* Begin PBXFrameworksBuildPhase section */
		94F4EEF628CAD92200C15E4A /* Frameworks */ = {
			isa = PBXFrameworksBuildPhase;
			buildActionMask = 2147483647;
			files = (
				9400695428CADFDC008D0AA2 /* GRDB in Frameworks */,
				9400695728CAE05A008D0AA2 /* Factory in Frameworks */,
				94AC290228CD1B9C00F0C772 /* SwiftDateStatic in Frameworks */,
			);
			runOnlyForDeploymentPostprocessing = 0;
		};
		94F4EF0628CAD92300C15E4A /* Frameworks */ = {
			isa = PBXFrameworksBuildPhase;
			buildActionMask = 2147483647;
			files = (
			);
			runOnlyForDeploymentPostprocessing = 0;
		};
/* End PBXFrameworksBuildPhase section */

/* Begin PBXGroup section */
		9440E56028CCE7AB00E66A10 /* Data */ = {
			isa = PBXGroup;
			children = (
				9440E56128CCE7B300E66A10 /* BookSearchDAO */,
			);
			path = Data;
			sourceTree = "<group>";
		};
		9440E56128CCE7B300E66A10 /* BookSearchDAO */ = {
			isa = PBXGroup;
			children = (
				9440E56528CCE8B500E66A10 /* DataModels */,
				9440E56328CCE8AE00E66A10 /* BookSearchDAOProtocol.swift */,
				9440E56828CCE93A00E66A10 /* GoogleBookSearchDAO.swift */,
			);
			path = BookSearchDAO;
			sourceTree = "<group>";
		};
		9440E56528CCE8B500E66A10 /* DataModels */ = {
			isa = PBXGroup;
			children = (
				9440E56628CCE90700E66A10 /* BookDTO.swift */,
				9440E56A28CCEB6900E66A10 /* BooksResultDTO.swift */,
				9440E56C28CCED8700E66A10 /* VolumeInfoDTO.swift */,
				9440E56E28CCEDE900E66A10 /* IndustryIdentifiersDTO.swift */,
				9440E57028CCEE6300E66A10 /* ImageLinksDTO.swift */,
			);
			path = DataModels;
			sourceTree = "<group>";
		};
		9466AFAC28CB45C60093EB04 /* Services */ = {
			isa = PBXGroup;
			children = (
				947E2B2928CCBFA600970170 /* BookServiceProtocol.swift */,
				947E2B2D28CCC10A00970170 /* NoteServiceProtocol.swift */,
				947E2B2B28CCC09E00970170 /* BookNotesBookService.swift */,
				947E2B3528CCCC3100970170 /* MockBookService.swift */,
			);
			path = Services;
			sourceTree = "<group>";
		};
		9466AFAD28CB45D70093EB04 /* Models */ = {
			isa = PBXGroup;
			children = (
				9466AFB728CB53540093EB04 /* Book.swift */,
				9466AFB928CB59520093EB04 /* Note.swift */,
			);
			path = Models;
			sourceTree = "<group>";
		};
		9466AFAE28CB45E50093EB04 /* Views */ = {
			isa = PBXGroup;
			children = (
				9466AFB028CB46060093EB04 /* Controls */,
				9466AFAF28CB46000093EB04 /* Screens */,
			);
			path = Views;
			sourceTree = "<group>";
		};
		9466AFAF28CB46000093EB04 /* Screens */ = {
			isa = PBXGroup;
			children = (
				947E2B2228CCB53100970170 /* AddBookView */,
				9466AFB128CB4AFE0093EB04 /* HomeView */,
			);
			path = Screens;
			sourceTree = "<group>";
		};
		9466AFB028CB46060093EB04 /* Controls */ = {
			isa = PBXGroup;
			children = (
			);
			path = Controls;
			sourceTree = "<group>";
		};
		9466AFB128CB4AFE0093EB04 /* HomeView */ = {
			isa = PBXGroup;
			children = (
				9466AFB228CB4B0D0093EB04 /* Controls */,
				94F4EEFE28CAD92200C15E4A /* HomeView.swift */,
				9466AFB528CB51360093EB04 /* HomeViewModel.swift */,
			);
			path = HomeView;
			sourceTree = "<group>";
		};
		9466AFB228CB4B0D0093EB04 /* Controls */ = {
			isa = PBXGroup;
			children = (
				9466AFB328CB4B1F0093EB04 /* BookRow.swift */,
			);
			path = Controls;
			sourceTree = "<group>";
		};
		947E2B2228CCB53100970170 /* AddBookView */ = {
			isa = PBXGroup;
			children = (
				94AC290428CD315800F0C772 /* Controls */,
				947E2B2328CCB55600970170 /* AddBookView.swift */,
				947E2B2528CCB6C400970170 /* AddBookViewModel.swift */,
			);
			path = AddBookView;
			sourceTree = "<group>";
		};
		947E2B2F28CCCB3900970170 /* Views */ = {
			isa = PBXGroup;
			children = (
				947E2B3028CCCB4200970170 /* Screens */,
			);
			path = Views;
			sourceTree = "<group>";
		};
		947E2B3028CCCB4200970170 /* Screens */ = {
			isa = PBXGroup;
			children = (
				947E2B3128CCCB4E00970170 /* AddBookView */,
			);
			path = Screens;
			sourceTree = "<group>";
		};
		947E2B3128CCCB4E00970170 /* AddBookView */ = {
			isa = PBXGroup;
			children = (
				947E2B3228CCCB8600970170 /* AddBookViewModelTest.swift */,
			);
			path = AddBookView;
			sourceTree = "<group>";
		};
		947E2B3428CCCC1300970170 /* Services */ = {
			isa = PBXGroup;
			children = (
			);
			path = Services;
			sourceTree = "<group>";
		};
		94AC290428CD315800F0C772 /* Controls */ = {
			isa = PBXGroup;
			children = (
				94AC290528CD316F00F0C772 /* BookSummaryRow.swift */,
			);
			path = Controls;
			sourceTree = "<group>";
		};
		94F4EEF028CAD92200C15E4A = {
			isa = PBXGroup;
			children = (
				94F4EEFB28CAD92200C15E4A /* Book Notes */,
				94F4EF0C28CAD92300C15E4A /* Book NotesTests */,
				94F4EEFA28CAD92200C15E4A /* Products */,
			);
			sourceTree = "<group>";
		};
		94F4EEFA28CAD92200C15E4A /* Products */ = {
			isa = PBXGroup;
			children = (
				94F4EEF928CAD92200C15E4A /* Book Notes.app */,
				94F4EF0928CAD92300C15E4A /* Book NotesTests.xctest */,
			);
			name = Products;
			sourceTree = "<group>";
		};
		94F4EEFB28CAD92200C15E4A /* Book Notes */ = {
			isa = PBXGroup;
			children = (
				9440E56028CCE7AB00E66A10 /* Data */,
				9466AFAC28CB45C60093EB04 /* Services */,
				9466AFAD28CB45D70093EB04 /* Models */,
				9466AFAE28CB45E50093EB04 /* Views */,
				94F4EEFC28CAD92200C15E4A /* BookNotesApp.swift */,
				94F4EF0028CAD92300C15E4A /* Assets.xcassets */,
				94F4EF0228CAD92300C15E4A /* Preview Content */,
				947E2B2728CCBED000970170 /* Factory.swift */,
				9440E57228CCF49900E66A10 /* BookNotes.plist */,
			);
			path = "Book Notes";
			sourceTree = "<group>";
		};
		94F4EF0228CAD92300C15E4A /* Preview Content */ = {
			isa = PBXGroup;
			children = (
				94F4EF0328CAD92300C15E4A /* Preview Assets.xcassets */,
			);
			path = "Preview Content";
			sourceTree = "<group>";
		};
		94F4EF0C28CAD92300C15E4A /* Book NotesTests */ = {
			isa = PBXGroup;
			children = (
				947E2B3428CCCC1300970170 /* Services */,
				947E2B2F28CCCB3900970170 /* Views */,
			);
			path = "Book NotesTests";
			sourceTree = "<group>";
		};
/* End PBXGroup section */

/* Begin PBXNativeTarget section */
		94F4EEF828CAD92200C15E4A /* Book Notes */ = {
			isa = PBXNativeTarget;
			buildConfigurationList = 94F4EF1D28CAD92300C15E4A /* Build configuration list for PBXNativeTarget "Book Notes" */;
			buildPhases = (
				94F4EEF528CAD92200C15E4A /* Sources */,
				94F4EEF628CAD92200C15E4A /* Frameworks */,
				94F4EEF728CAD92200C15E4A /* Resources */,
			);
			buildRules = (
			);
			dependencies = (
			);
			name = "Book Notes";
			packageProductDependencies = (
				9400695328CADFDC008D0AA2 /* GRDB */,
				9400695628CAE05A008D0AA2 /* Factory */,
				94AC290128CD1B9C00F0C772 /* SwiftDateStatic */,
			);
			productName = "Book Notes";
			productReference = 94F4EEF928CAD92200C15E4A /* Book Notes.app */;
			productType = "com.apple.product-type.application";
		};
		94F4EF0828CAD92300C15E4A /* Book NotesTests */ = {
			isa = PBXNativeTarget;
			buildConfigurationList = 94F4EF2028CAD92300C15E4A /* Build configuration list for PBXNativeTarget "Book NotesTests" */;
			buildPhases = (
				94F4EF0528CAD92300C15E4A /* Sources */,
				94F4EF0628CAD92300C15E4A /* Frameworks */,
				94F4EF0728CAD92300C15E4A /* Resources */,
			);
			buildRules = (
			);
			dependencies = (
				94F4EF0B28CAD92300C15E4A /* PBXTargetDependency */,
			);
			name = "Book NotesTests";
			productName = "Book NotesTests";
			productReference = 94F4EF0928CAD92300C15E4A /* Book NotesTests.xctest */;
			productType = "com.apple.product-type.bundle.unit-test";
		};
/* End PBXNativeTarget section */

/* Begin PBXProject section */
		94F4EEF128CAD92200C15E4A /* Project object */ = {
			isa = PBXProject;
			attributes = {
				BuildIndependentTargetsInParallel = 1;
				LastSwiftUpdateCheck = 1340;
				LastUpgradeCheck = 1340;
				TargetAttributes = {
					94F4EEF828CAD92200C15E4A = {
						CreatedOnToolsVersion = 13.4.1;
					};
					94F4EF0828CAD92300C15E4A = {
						CreatedOnToolsVersion = 13.4.1;
						TestTargetID = 94F4EEF828CAD92200C15E4A;
					};
				};
			};
			buildConfigurationList = 94F4EEF428CAD92200C15E4A /* Build configuration list for PBXProject "Book Notes" */;
			compatibilityVersion = "Xcode 13.0";
			developmentRegion = en;
			hasScannedForEncodings = 0;
			knownRegions = (
				en,
				Base,
			);
			mainGroup = 94F4EEF028CAD92200C15E4A;
			packageReferences = (
				9400695228CADFDC008D0AA2 /* XCRemoteSwiftPackageReference "GRDB" */,
				9400695528CAE05A008D0AA2 /* XCRemoteSwiftPackageReference "Factory" */,
				94AC290028CD1B9C00F0C772 /* XCRemoteSwiftPackageReference "SwiftDate" */,
			);
			productRefGroup = 94F4EEFA28CAD92200C15E4A /* Products */;
			projectDirPath = "";
			projectRoot = "";
			targets = (
				94F4EEF828CAD92200C15E4A /* Book Notes */,
				94F4EF0828CAD92300C15E4A /* Book NotesTests */,
			);
		};
/* End PBXProject section */

/* Begin PBXResourcesBuildPhase section */
		94F4EEF728CAD92200C15E4A /* Resources */ = {
			isa = PBXResourcesBuildPhase;
			buildActionMask = 2147483647;
			files = (
				94F4EF0428CAD92300C15E4A /* Preview Assets.xcassets in Resources */,
				9440E57328CCF49900E66A10 /* BookNotes.plist in Resources */,
				94F4EF0128CAD92300C15E4A /* Assets.xcassets in Resources */,
			);
			runOnlyForDeploymentPostprocessing = 0;
		};
		94F4EF0728CAD92300C15E4A /* Resources */ = {
			isa = PBXResourcesBuildPhase;
			buildActionMask = 2147483647;
			files = (
			);
			runOnlyForDeploymentPostprocessing = 0;
		};
/* End PBXResourcesBuildPhase section */

/* Begin PBXSourcesBuildPhase section */
		94F4EEF528CAD92200C15E4A /* Sources */ = {
			isa = PBXSourcesBuildPhase;
			buildActionMask = 2147483647;
			files = (
				947E2B2428CCB55600970170 /* AddBookView.swift in Sources */,
				9440E57128CCEE6300E66A10 /* ImageLinksDTO.swift in Sources */,
				9440E56428CCE8AE00E66A10 /* BookSearchDAOProtocol.swift in Sources */,
				947E2B2E28CCC10A00970170 /* NoteServiceProtocol.swift in Sources */,
				947E2B2628CCB6C400970170 /* AddBookViewModel.swift in Sources */,
				94F4EEFF28CAD92200C15E4A /* HomeView.swift in Sources */,
				94F4EEFD28CAD92200C15E4A /* BookNotesApp.swift in Sources */,
				9440E56928CCE93A00E66A10 /* GoogleBookSearchDAO.swift in Sources */,
				9440E56B28CCEB6900E66A10 /* BooksResultDTO.swift in Sources */,
				947E2B2A28CCBFA600970170 /* BookServiceProtocol.swift in Sources */,
				9466AFB428CB4B1F0093EB04 /* BookRow.swift in Sources */,
				94AC290628CD316F00F0C772 /* BookSummaryRow.swift in Sources */,
				947E2B2C28CCC09E00970170 /* BookNotesBookService.swift in Sources */,
				947E2B2828CCBED000970170 /* Factory.swift in Sources */,
				9466AFB828CB53540093EB04 /* Book.swift in Sources */,
				9440E56728CCE90700E66A10 /* BookDTO.swift in Sources */,
				9466AFB628CB51360093EB04 /* HomeViewModel.swift in Sources */,
				9440E55B28CCD56B00E66A10 /* MockBookService.swift in Sources */,
				9466AFBA28CB59520093EB04 /* Note.swift in Sources */,
				9440E56D28CCED8700E66A10 /* VolumeInfoDTO.swift in Sources */,
				9440E56F28CCEDE900E66A10 /* IndustryIdentifiersDTO.swift in Sources */,
			);
			runOnlyForDeploymentPostprocessing = 0;
		};
		94F4EF0528CAD92300C15E4A /* Sources */ = {
			isa = PBXSourcesBuildPhase;
			buildActionMask = 2147483647;
			files = (
				947E2B3628CCCC3100970170 /* MockBookService.swift in Sources */,
				947E2B3A28CCCC9B00970170 /* NoteServiceProtocol.swift in Sources */,
				947E2B3728CCCC6000970170 /* BookServiceProtocol.swift in Sources */,
				9440E55D28CCD5BA00E66A10 /* AddBookView.swift in Sources */,
				9440E55F28CCDA7700E66A10 /* Factory.swift in Sources */,
				9440E55C28CCD5B000E66A10 /* BookNotesBookService.swift in Sources */,
				947E2B3328CCCB8600970170 /* AddBookViewModelTest.swift in Sources */,
				947E2B3928CCCC9500970170 /* Book.swift in Sources */,
				9440E55E28CCD5BA00E66A10 /* AddBookViewModel.swift in Sources */,
				947E2B3828CCCC9500970170 /* Note.swift in Sources */,
			);
			runOnlyForDeploymentPostprocessing = 0;
		};
/* End PBXSourcesBuildPhase section */

/* Begin PBXTargetDependency section */
		94F4EF0B28CAD92300C15E4A /* PBXTargetDependency */ = {
			isa = PBXTargetDependency;
			target = 94F4EEF828CAD92200C15E4A /* Book Notes */;
			targetProxy = 94F4EF0A28CAD92300C15E4A /* PBXContainerItemProxy */;
		};
/* End PBXTargetDependency section */

/* Begin XCBuildConfiguration section */
		94F4EF1B28CAD92300C15E4A /* Debug */ = {
			isa = XCBuildConfiguration;
			buildSettings = {
				ALWAYS_SEARCH_USER_PATHS = NO;
				CLANG_ANALYZER_NONNULL = YES;
				CLANG_ANALYZER_NUMBER_OBJECT_CONVERSION = YES_AGGRESSIVE;
				CLANG_CXX_LANGUAGE_STANDARD = "gnu++17";
				CLANG_ENABLE_MODULES = YES;
				CLANG_ENABLE_OBJC_ARC = YES;
				CLANG_ENABLE_OBJC_WEAK = YES;
				CLANG_WARN_BLOCK_CAPTURE_AUTORELEASING = YES;
				CLANG_WARN_BOOL_CONVERSION = YES;
				CLANG_WARN_COMMA = YES;
				CLANG_WARN_CONSTANT_CONVERSION = YES;
				CLANG_WARN_DEPRECATED_OBJC_IMPLEMENTATIONS = YES;
				CLANG_WARN_DIRECT_OBJC_ISA_USAGE = YES_ERROR;
				CLANG_WARN_DOCUMENTATION_COMMENTS = YES;
				CLANG_WARN_EMPTY_BODY = YES;
				CLANG_WARN_ENUM_CONVERSION = YES;
				CLANG_WARN_INFINITE_RECURSION = YES;
				CLANG_WARN_INT_CONVERSION = YES;
				CLANG_WARN_NON_LITERAL_NULL_CONVERSION = YES;
				CLANG_WARN_OBJC_IMPLICIT_RETAIN_SELF = YES;
				CLANG_WARN_OBJC_LITERAL_CONVERSION = YES;
				CLANG_WARN_OBJC_ROOT_CLASS = YES_ERROR;
				CLANG_WARN_QUOTED_INCLUDE_IN_FRAMEWORK_HEADER = YES;
				CLANG_WARN_RANGE_LOOP_ANALYSIS = YES;
				CLANG_WARN_STRICT_PROTOTYPES = YES;
				CLANG_WARN_SUSPICIOUS_MOVE = YES;
				CLANG_WARN_UNGUARDED_AVAILABILITY = YES_AGGRESSIVE;
				CLANG_WARN_UNREACHABLE_CODE = YES;
				CLANG_WARN__DUPLICATE_METHOD_MATCH = YES;
				COPY_PHASE_STRIP = NO;
				DEBUG_INFORMATION_FORMAT = dwarf;
				ENABLE_STRICT_OBJC_MSGSEND = YES;
				ENABLE_TESTABILITY = YES;
				GCC_C_LANGUAGE_STANDARD = gnu11;
				GCC_DYNAMIC_NO_PIC = NO;
				GCC_NO_COMMON_BLOCKS = YES;
				GCC_OPTIMIZATION_LEVEL = 0;
				GCC_PREPROCESSOR_DEFINITIONS = (
					"DEBUG=1",
					"$(inherited)",
				);
				GCC_WARN_64_TO_32_BIT_CONVERSION = YES;
				GCC_WARN_ABOUT_RETURN_TYPE = YES_ERROR;
				GCC_WARN_UNDECLARED_SELECTOR = YES;
				GCC_WARN_UNINITIALIZED_AUTOS = YES_AGGRESSIVE;
				GCC_WARN_UNUSED_FUNCTION = YES;
				GCC_WARN_UNUSED_VARIABLE = YES;
				IPHONEOS_DEPLOYMENT_TARGET = 15.5;
				MTL_ENABLE_DEBUG_INFO = INCLUDE_SOURCE;
				MTL_FAST_MATH = YES;
				ONLY_ACTIVE_ARCH = YES;
				SDKROOT = iphoneos;
				SWIFT_ACTIVE_COMPILATION_CONDITIONS = DEBUG;
				SWIFT_OPTIMIZATION_LEVEL = "-Onone";
			};
			name = Debug;
		};
		94F4EF1C28CAD92300C15E4A /* Release */ = {
			isa = XCBuildConfiguration;
			buildSettings = {
				ALWAYS_SEARCH_USER_PATHS = NO;
				CLANG_ANALYZER_NONNULL = YES;
				CLANG_ANALYZER_NUMBER_OBJECT_CONVERSION = YES_AGGRESSIVE;
				CLANG_CXX_LANGUAGE_STANDARD = "gnu++17";
				CLANG_ENABLE_MODULES = YES;
				CLANG_ENABLE_OBJC_ARC = YES;
				CLANG_ENABLE_OBJC_WEAK = YES;
				CLANG_WARN_BLOCK_CAPTURE_AUTORELEASING = YES;
				CLANG_WARN_BOOL_CONVERSION = YES;
				CLANG_WARN_COMMA = YES;
				CLANG_WARN_CONSTANT_CONVERSION = YES;
				CLANG_WARN_DEPRECATED_OBJC_IMPLEMENTATIONS = YES;
				CLANG_WARN_DIRECT_OBJC_ISA_USAGE = YES_ERROR;
				CLANG_WARN_DOCUMENTATION_COMMENTS = YES;
				CLANG_WARN_EMPTY_BODY = YES;
				CLANG_WARN_ENUM_CONVERSION = YES;
				CLANG_WARN_INFINITE_RECURSION = YES;
				CLANG_WARN_INT_CONVERSION = YES;
				CLANG_WARN_NON_LITERAL_NULL_CONVERSION = YES;
				CLANG_WARN_OBJC_IMPLICIT_RETAIN_SELF = YES;
				CLANG_WARN_OBJC_LITERAL_CONVERSION = YES;
				CLANG_WARN_OBJC_ROOT_CLASS = YES_ERROR;
				CLANG_WARN_QUOTED_INCLUDE_IN_FRAMEWORK_HEADER = YES;
				CLANG_WARN_RANGE_LOOP_ANALYSIS = YES;
				CLANG_WARN_STRICT_PROTOTYPES = YES;
				CLANG_WARN_SUSPICIOUS_MOVE = YES;
				CLANG_WARN_UNGUARDED_AVAILABILITY = YES_AGGRESSIVE;
				CLANG_WARN_UNREACHABLE_CODE = YES;
				CLANG_WARN__DUPLICATE_METHOD_MATCH = YES;
				COPY_PHASE_STRIP = NO;
				DEBUG_INFORMATION_FORMAT = "dwarf-with-dsym";
				ENABLE_NS_ASSERTIONS = NO;
				ENABLE_STRICT_OBJC_MSGSEND = YES;
				GCC_C_LANGUAGE_STANDARD = gnu11;
				GCC_NO_COMMON_BLOCKS = YES;
				GCC_WARN_64_TO_32_BIT_CONVERSION = YES;
				GCC_WARN_ABOUT_RETURN_TYPE = YES_ERROR;
				GCC_WARN_UNDECLARED_SELECTOR = YES;
				GCC_WARN_UNINITIALIZED_AUTOS = YES_AGGRESSIVE;
				GCC_WARN_UNUSED_FUNCTION = YES;
				GCC_WARN_UNUSED_VARIABLE = YES;
				IPHONEOS_DEPLOYMENT_TARGET = 15.5;
				MTL_ENABLE_DEBUG_INFO = NO;
				MTL_FAST_MATH = YES;
				SDKROOT = iphoneos;
				SWIFT_COMPILATION_MODE = wholemodule;
				SWIFT_OPTIMIZATION_LEVEL = "-O";
				VALIDATE_PRODUCT = YES;
			};
			name = Release;
		};
		94F4EF1E28CAD92300C15E4A /* Debug */ = {
			isa = XCBuildConfiguration;
			buildSettings = {
				ASSETCATALOG_COMPILER_APPICON_NAME = AppIcon;
				ASSETCATALOG_COMPILER_GLOBAL_ACCENT_COLOR_NAME = AccentColor;
				CODE_SIGN_STYLE = Automatic;
				CURRENT_PROJECT_VERSION = 1;
				DEVELOPMENT_ASSET_PATHS = "\"Book Notes/Preview Content\"";
				DEVELOPMENT_TEAM = 2FH969U36L;
				ENABLE_PREVIEWS = YES;
				GENERATE_INFOPLIST_FILE = YES;
				INFOPLIST_KEY_UIApplicationSceneManifest_Generation = YES;
				INFOPLIST_KEY_UIApplicationSupportsIndirectInputEvents = YES;
				INFOPLIST_KEY_UILaunchScreen_Generation = YES;
				INFOPLIST_KEY_UISupportedInterfaceOrientations_iPad = "UIInterfaceOrientationPortrait UIInterfaceOrientationPortraitUpsideDown UIInterfaceOrientationLandscapeLeft UIInterfaceOrientationLandscapeRight";
				INFOPLIST_KEY_UISupportedInterfaceOrientations_iPhone = "UIInterfaceOrientationPortrait UIInterfaceOrientationLandscapeLeft UIInterfaceOrientationLandscapeRight";
				LD_RUNPATH_SEARCH_PATHS = (
					"$(inherited)",
					"@executable_path/Frameworks",
				);
				MARKETING_VERSION = 1.0;
				PRODUCT_BUNDLE_IDENTIFIER = "greentree.studio.Book-Notes";
				PRODUCT_NAME = "$(TARGET_NAME)";
				SWIFT_EMIT_LOC_STRINGS = YES;
				SWIFT_VERSION = 5.0;
				TARGETED_DEVICE_FAMILY = "1,2";
			};
			name = Debug;
		};
		94F4EF1F28CAD92300C15E4A /* Release */ = {
			isa = XCBuildConfiguration;
			buildSettings = {
				ASSETCATALOG_COMPILER_APPICON_NAME = AppIcon;
				ASSETCATALOG_COMPILER_GLOBAL_ACCENT_COLOR_NAME = AccentColor;
				CODE_SIGN_STYLE = Automatic;
				CURRENT_PROJECT_VERSION = 1;
				DEVELOPMENT_ASSET_PATHS = "\"Book Notes/Preview Content\"";
				DEVELOPMENT_TEAM = 2FH969U36L;
				ENABLE_PREVIEWS = YES;
				GENERATE_INFOPLIST_FILE = YES;
				INFOPLIST_KEY_UIApplicationSceneManifest_Generation = YES;
				INFOPLIST_KEY_UIApplicationSupportsIndirectInputEvents = YES;
				INFOPLIST_KEY_UILaunchScreen_Generation = YES;
				INFOPLIST_KEY_UISupportedInterfaceOrientations_iPad = "UIInterfaceOrientationPortrait UIInterfaceOrientationPortraitUpsideDown UIInterfaceOrientationLandscapeLeft UIInterfaceOrientationLandscapeRight";
				INFOPLIST_KEY_UISupportedInterfaceOrientations_iPhone = "UIInterfaceOrientationPortrait UIInterfaceOrientationLandscapeLeft UIInterfaceOrientationLandscapeRight";
				LD_RUNPATH_SEARCH_PATHS = (
					"$(inherited)",
					"@executable_path/Frameworks",
				);
				MARKETING_VERSION = 1.0;
				PRODUCT_BUNDLE_IDENTIFIER = "greentree.studio.Book-Notes";
				PRODUCT_NAME = "$(TARGET_NAME)";
				SWIFT_EMIT_LOC_STRINGS = YES;
				SWIFT_VERSION = 5.0;
				TARGETED_DEVICE_FAMILY = "1,2";
			};
			name = Release;
		};
		94F4EF2128CAD92300C15E4A /* Debug */ = {
			isa = XCBuildConfiguration;
			buildSettings = {
				ALWAYS_EMBED_SWIFT_STANDARD_LIBRARIES = YES;
				BUNDLE_LOADER = "$(TEST_HOST)";
				CODE_SIGN_STYLE = Automatic;
				CURRENT_PROJECT_VERSION = 1;
				DEVELOPMENT_TEAM = 2FH969U36L;
				GENERATE_INFOPLIST_FILE = YES;
				IPHONEOS_DEPLOYMENT_TARGET = 15.5;
				MARKETING_VERSION = 1.0;
				PRODUCT_BUNDLE_IDENTIFIER = "greentree.studio.Book-NotesTests";
				PRODUCT_NAME = "$(TARGET_NAME)";
				SWIFT_EMIT_LOC_STRINGS = NO;
				SWIFT_VERSION = 5.0;
				TARGETED_DEVICE_FAMILY = "1,2";
				TEST_HOST = "$(BUILT_PRODUCTS_DIR)/Book Notes.app/Book Notes";
			};
			name = Debug;
		};
		94F4EF2228CAD92300C15E4A /* Release */ = {
			isa = XCBuildConfiguration;
			buildSettings = {
				ALWAYS_EMBED_SWIFT_STANDARD_LIBRARIES = YES;
				BUNDLE_LOADER = "$(TEST_HOST)";
				CODE_SIGN_STYLE = Automatic;
				CURRENT_PROJECT_VERSION = 1;
				DEVELOPMENT_TEAM = 2FH969U36L;
				GENERATE_INFOPLIST_FILE = YES;
				IPHONEOS_DEPLOYMENT_TARGET = 15.5;
				MARKETING_VERSION = 1.0;
				PRODUCT_BUNDLE_IDENTIFIER = "greentree.studio.Book-NotesTests";
				PRODUCT_NAME = "$(TARGET_NAME)";
				SWIFT_EMIT_LOC_STRINGS = NO;
				SWIFT_VERSION = 5.0;
				TARGETED_DEVICE_FAMILY = "1,2";
				TEST_HOST = "$(BUILT_PRODUCTS_DIR)/Book Notes.app/Book Notes";
			};
			name = Release;
		};
/* End XCBuildConfiguration section */

/* Begin XCConfigurationList section */
		94F4EEF428CAD92200C15E4A /* Build configuration list for PBXProject "Book Notes" */ = {
			isa = XCConfigurationList;
			buildConfigurations = (
				94F4EF1B28CAD92300C15E4A /* Debug */,
				94F4EF1C28CAD92300C15E4A /* Release */,
			);
			defaultConfigurationIsVisible = 0;
			defaultConfigurationName = Release;
		};
		94F4EF1D28CAD92300C15E4A /* Build configuration list for PBXNativeTarget "Book Notes" */ = {
			isa = XCConfigurationList;
			buildConfigurations = (
				94F4EF1E28CAD92300C15E4A /* Debug */,
				94F4EF1F28CAD92300C15E4A /* Release */,
			);
			defaultConfigurationIsVisible = 0;
			defaultConfigurationName = Release;
		};
		94F4EF2028CAD92300C15E4A /* Build configuration list for PBXNativeTarget "Book NotesTests" */ = {
			isa = XCConfigurationList;
			buildConfigurations = (
				94F4EF2128CAD92300C15E4A /* Debug */,
				94F4EF2228CAD92300C15E4A /* Release */,
			);
			defaultConfigurationIsVisible = 0;
			defaultConfigurationName = Release;
		};
/* End XCConfigurationList section */

/* Begin XCRemoteSwiftPackageReference section */
		9400695228CADFDC008D0AA2 /* XCRemoteSwiftPackageReference "GRDB" */ = {
			isa = XCRemoteSwiftPackageReference;
			repositoryURL = "https://github.com/groue/GRDB.swift";
			requirement = {
				kind = revision;
				revision = dd7e7f39e8e4d7a22d258d9809a882f914690b01;
			};
		};
		9400695528CAE05A008D0AA2 /* XCRemoteSwiftPackageReference "Factory" */ = {
			isa = XCRemoteSwiftPackageReference;
			repositoryURL = "https://github.com/hmlongco/Factory";
			requirement = {
				branch = main;
				kind = branch;
			};
		};
		94AC290028CD1B9C00F0C772 /* XCRemoteSwiftPackageReference "SwiftDate" */ = {
			isa = XCRemoteSwiftPackageReference;
			repositoryURL = "https://github.com/malcommac/SwiftDate.git";
			requirement = {
				kind = upToNextMajorVersion;
				minimumVersion = 6.0.0;
			};
		};
/* End XCRemoteSwiftPackageReference section */

/* Begin XCSwiftPackageProductDependency section */
		9400695328CADFDC008D0AA2 /* GRDB */ = {
			isa = XCSwiftPackageProductDependency;
			package = 9400695228CADFDC008D0AA2 /* XCRemoteSwiftPackageReference "GRDB" */;
			productName = GRDB;
		};
		9400695628CAE05A008D0AA2 /* Factory */ = {
			isa = XCSwiftPackageProductDependency;
			package = 9400695528CAE05A008D0AA2 /* XCRemoteSwiftPackageReference "Factory" */;
			productName = Factory;
		};
		94AC290128CD1B9C00F0C772 /* SwiftDateStatic */ = {
			isa = XCSwiftPackageProductDependency;
			package = 94AC290028CD1B9C00F0C772 /* XCRemoteSwiftPackageReference "SwiftDate" */;
			productName = SwiftDateStatic;
		};
/* End XCSwiftPackageProductDependency section */
	};
	rootObject = 94F4EEF128CAD92200C15E4A /* Project object */;
}
